
Microsoft Visual Studio Solution File, Format Version 12.00
# Visual Studio Version 17
VisualStudioVersion = 17.12.35527.113
MinimumVisualStudioVersion = 10.0.40219.1
Project("{2150E333-8FDC-42A3-9474-1A3956D46DE8}") = "Services", "Services", "{3455F66E-6EEA-4840-B7BE-749EBE7FB2FC}"
EndProject
Project("{2150E333-8FDC-42A3-9474-1A3956D46DE8}") = "Catalog", "Catalog", "{A2299C8D-1AC9-44B0-8CAF-8B7BCBED6910}"
EndProject
Project("{FAE04EC0-301F-11D3-BF4B-00C04F79EFBC}") = "Catalog.API", "Services\Catalog\Catalog.API\Catalog.API.csproj", "{9A5A2A48-B056-4243-98C8-CA3D82FFB345}"
EndProject
Global
	GlobalSection(SolutionConfigurationPlatforms) = preSolution
		Debug|Any CPU = Debug|Any CPU
		Release|Any CPU = Release|Any CPU
	EndGlobalSection
	GlobalSection(ProjectConfigurationPlatforms) = postSolution
		{9A5A2A48-B056-4243-98C8-CA3D82FFB345}.Debug|Any CPU.ActiveCfg = Debug|Any CPU
		{9A5A2A48-B056-4243-98C8-CA3D82FFB345}.Debug|Any CPU.Build.0 = Debug|Any CPU
		{9A5A2A48-B056-4243-98C8-CA3D82FFB345}.Release|Any CPU.ActiveCfg = Release|Any CPU
		{9A5A2A48-B056-4243-98C8-CA3D82FFB345}.Release|Any CPU.Build.0 = Release|Any CPU
	EndGlobalSection
	GlobalSection(SolutionProperties) = preSolution
		HideSolutionNode = FALSE
	EndGlobalSection
	GlobalSection(NestedProjects) = preSolution
		{A2299C8D-1AC9-44B0-8CAF-8B7BCBED6910} = {3455F66E-6EEA-4840-B7BE-749EBE7FB2FC}
		{9A5A2A48-B056-4243-98C8-CA3D82FFB345} = {A2299C8D-1AC9-44B0-8CAF-8B7BCBED6910}
	EndGlobalSection
EndGlobal
